// !$*UTF8*$!
{
	archiveVersion = 1;
	classes = {
	};
	objectVersion = 51;
	objects = {

/* Begin PBXBuildFile section */
		06E02641CAC82A3335A5BBF8 /* Pods_SampleApp.framework in Frameworks */ = {isa = PBXBuildFile; fileRef = 064784E20F0391EE2434E6DC /* Pods_SampleApp.framework */; };
		07086F9325895077003EA5E1 /* AppDelegate.swift in Sources */ = {isa = PBXBuildFile; fileRef = 07086F9225895077003EA5E1 /* AppDelegate.swift */; };
		07086F9525895077003EA5E1 /* SceneDelegate.swift in Sources */ = {isa = PBXBuildFile; fileRef = 07086F9425895077003EA5E1 /* SceneDelegate.swift */; };
		07086F9725895077003EA5E1 /* ViewController.swift in Sources */ = {isa = PBXBuildFile; fileRef = 07086F9625895077003EA5E1 /* ViewController.swift */; };
		07086F9A25895077003EA5E1 /* Main.storyboard in Resources */ = {isa = PBXBuildFile; fileRef = 07086F9825895077003EA5E1 /* Main.storyboard */; };
		07086F9C2589507B003EA5E1 /* Assets.xcassets in Resources */ = {isa = PBXBuildFile; fileRef = 07086F9B2589507B003EA5E1 /* Assets.xcassets */; };
		07086F9F2589507B003EA5E1 /* LaunchScreen.storyboard in Resources */ = {isa = PBXBuildFile; fileRef = 07086F9D2589507B003EA5E1 /* LaunchScreen.storyboard */; };
/* End PBXBuildFile section */

/* Begin PBXFileReference section */
		064784E20F0391EE2434E6DC /* Pods_SampleApp.framework */ = {isa = PBXFileReference; explicitFileType = wrapper.framework; includeInIndex = 0; path = Pods_SampleApp.framework; sourceTree = BUILT_PRODUCTS_DIR; };
		07086F8F25895077003EA5E1 /* SampleApp.app */ = {isa = PBXFileReference; explicitFileType = wrapper.application; includeInIndex = 0; path = SampleApp.app; sourceTree = BUILT_PRODUCTS_DIR; };
		07086F9225895077003EA5E1 /* AppDelegate.swift */ = {isa = PBXFileReference; lastKnownFileType = sourcecode.swift; path = AppDelegate.swift; sourceTree = "<group>"; };
		07086F9425895077003EA5E1 /* SceneDelegate.swift */ = {isa = PBXFileReference; lastKnownFileType = sourcecode.swift; path = SceneDelegate.swift; sourceTree = "<group>"; };
		07086F9625895077003EA5E1 /* ViewController.swift */ = {isa = PBXFileReference; lastKnownFileType = sourcecode.swift; path = ViewController.swift; sourceTree = "<group>"; };
		07086F9925895077003EA5E1 /* Base */ = {isa = PBXFileReference; lastKnownFileType = file.storyboard; name = Base; path = Base.lproj/Main.storyboard; sourceTree = "<group>"; };
		07086F9B2589507B003EA5E1 /* Assets.xcassets */ = {isa = PBXFileReference; lastKnownFileType = folder.assetcatalog; path = Assets.xcassets; sourceTree = "<group>"; };
		07086F9E2589507B003EA5E1 /* Base */ = {isa = PBXFileReference; lastKnownFileType = file.storyboard; name = Base; path = Base.lproj/LaunchScreen.storyboard; sourceTree = "<group>"; };
		07086FA02589507B003EA5E1 /* Info.plist */ = {isa = PBXFileReference; lastKnownFileType = text.plist.xml; path = Info.plist; sourceTree = "<group>"; };
		07086FA625895208003EA5E1 /* SampleApp.entitlements */ = {isa = PBXFileReference; lastKnownFileType = text.plist.entitlements; path = SampleApp.entitlements; sourceTree = "<group>"; };
		4177AC04B5091644F4356CDB /* Pods-SampleApp.release.xcconfig */ = {isa = PBXFileReference; includeInIndex = 1; lastKnownFileType = text.xcconfig; name = "Pods-SampleApp.release.xcconfig"; path = "Target Support Files/Pods-SampleApp/Pods-SampleApp.release.xcconfig"; sourceTree = "<group>"; };
		BAB7B9AD5E47EB9576814580 /* Pods-SampleApp.debug.xcconfig */ = {isa = PBXFileReference; includeInIndex = 1; lastKnownFileType = text.xcconfig; name = "Pods-SampleApp.debug.xcconfig"; path = "Target Support Files/Pods-SampleApp/Pods-SampleApp.debug.xcconfig"; sourceTree = "<group>"; };
/* End PBXFileReference section */

/* Begin PBXFrameworksBuildPhase section */
		07086F8C25895077003EA5E1 /* Frameworks */ = {
			isa = PBXFrameworksBuildPhase;
			buildActionMask = 2147483647;
			files = (
				06E02641CAC82A3335A5BBF8 /* Pods_SampleApp.framework in Frameworks */,
			);
			runOnlyForDeploymentPostprocessing = 0;
		};
/* End PBXFrameworksBuildPhase section */

/* Begin PBXGroup section */
		07086F8625895077003EA5E1 = {
			isa = PBXGroup;
			children = (
				07086F9125895077003EA5E1 /* SampleApp */,
				07086F9025895077003EA5E1 /* Products */,
				565A47AC2E8AFD390B4B5EED /* Pods */,
				63ADA324CB802A0E1205F2FF /* Frameworks */,
			);
			sourceTree = "<group>";
		};
		07086F9025895077003EA5E1 /* Products */ = {
			isa = PBXGroup;
			children = (
				07086F8F25895077003EA5E1 /* SampleApp.app */,
			);
			name = Products;
			sourceTree = "<group>";
		};
		07086F9125895077003EA5E1 /* SampleApp */ = {
			isa = PBXGroup;
			children = (
				07086FA625895208003EA5E1 /* SampleApp.entitlements */,
				07086F9225895077003EA5E1 /* AppDelegate.swift */,
				07086F9425895077003EA5E1 /* SceneDelegate.swift */,
				07086F9625895077003EA5E1 /* ViewController.swift */,
				07086F9825895077003EA5E1 /* Main.storyboard */,
				07086F9B2589507B003EA5E1 /* Assets.xcassets */,
				07086F9D2589507B003EA5E1 /* LaunchScreen.storyboard */,
				07086FA02589507B003EA5E1 /* Info.plist */,
			);
			path = SampleApp;
			sourceTree = "<group>";
		};
		565A47AC2E8AFD390B4B5EED /* Pods */ = {
			isa = PBXGroup;
			children = (
				BAB7B9AD5E47EB9576814580 /* Pods-SampleApp.debug.xcconfig */,
				4177AC04B5091644F4356CDB /* Pods-SampleApp.release.xcconfig */,
			);
			path = Pods;
			sourceTree = "<group>";
		};
		63ADA324CB802A0E1205F2FF /* Frameworks */ = {
			isa = PBXGroup;
			children = (
				064784E20F0391EE2434E6DC /* Pods_SampleApp.framework */,
			);
			name = Frameworks;
			sourceTree = "<group>";
		};
/* End PBXGroup section */

/* Begin PBXNativeTarget section */
		07086F8E25895077003EA5E1 /* SampleApp */ = {
			isa = PBXNativeTarget;
			buildConfigurationList = 07086FA32589507B003EA5E1 /* Build configuration list for PBXNativeTarget "SampleApp" */;
			buildPhases = (
				101A2CD36BBCEECC874DA66B /* [CP] Check Pods Manifest.lock */,
				07086F8B25895077003EA5E1 /* Sources */,
				07086F8C25895077003EA5E1 /* Frameworks */,
				07086F8D25895077003EA5E1 /* Resources */,
				DA17352D8436FF6646BAB44C /* [CP] Embed Pods Frameworks */,
			);
			buildRules = (
			);
			dependencies = (
			);
			name = SampleApp;
			productName = SampleApp;
			productReference = 07086F8F25895077003EA5E1 /* SampleApp.app */;
			productType = "com.apple.product-type.application";
		};
/* End PBXNativeTarget section */

/* Begin PBXProject section */
		07086F8725895077003EA5E1 /* Project object */ = {
			isa = PBXProject;
			attributes = {
				LastSwiftUpdateCheck = 1130;
				LastUpgradeCheck = 1130;
				ORGANIZATIONNAME = "Daffolapmac-51";
				TargetAttributes = {
					07086F8E25895077003EA5E1 = {
						CreatedOnToolsVersion = 11.3.1;
					};
				};
			};
			buildConfigurationList = 07086F8A25895077003EA5E1 /* Build configuration list for PBXProject "SampleApp" */;
			compatibilityVersion = "Xcode 9.3";
			developmentRegion = en;
			hasScannedForEncodings = 0;
			knownRegions = (
				en,
				Base,
			);
			mainGroup = 07086F8625895077003EA5E1;
			productRefGroup = 07086F9025895077003EA5E1 /* Products */;
			projectDirPath = "";
			projectRoot = "";
			targets = (
				07086F8E25895077003EA5E1 /* SampleApp */,
			);
		};
/* End PBXProject section */

/* Begin PBXResourcesBuildPhase section */
		07086F8D25895077003EA5E1 /* Resources */ = {
			isa = PBXResourcesBuildPhase;
			buildActionMask = 2147483647;
			files = (
				07086F9F2589507B003EA5E1 /* LaunchScreen.storyboard in Resources */,
				07086F9C2589507B003EA5E1 /* Assets.xcassets in Resources */,
				07086F9A25895077003EA5E1 /* Main.storyboard in Resources */,
			);
			runOnlyForDeploymentPostprocessing = 0;
		};
/* End PBXResourcesBuildPhase section */

/* Begin PBXShellScriptBuildPhase section */
		101A2CD36BBCEECC874DA66B /* [CP] Check Pods Manifest.lock */ = {
			isa = PBXShellScriptBuildPhase;
			buildActionMask = 2147483647;
			files = (
			);
			inputFileListPaths = (
			);
			inputPaths = (
				"${PODS_PODFILE_DIR_PATH}/Podfile.lock",
				"${PODS_ROOT}/Manifest.lock",
			);
			name = "[CP] Check Pods Manifest.lock";
			outputFileListPaths = (
			);
			outputPaths = (
				"$(DERIVED_FILE_DIR)/Pods-SampleApp-checkManifestLockResult.txt",
			);
			runOnlyForDeploymentPostprocessing = 0;
			shellPath = /bin/sh;
			shellScript = "diff \"${PODS_PODFILE_DIR_PATH}/Podfile.lock\" \"${PODS_ROOT}/Manifest.lock\" > /dev/null\nif [ $? != 0 ] ; then\n    # print error to STDERR\n    echo \"error: The sandbox is not in sync with the Podfile.lock. Run 'pod install' or update your CocoaPods installation.\" >&2\n    exit 1\nfi\n# This output is used by Xcode 'outputs' to avoid re-running this script phase.\necho \"SUCCESS\" > \"${SCRIPT_OUTPUT_FILE_0}\"\n";
			showEnvVarsInLog = 0;
		};
		DA17352D8436FF6646BAB44C /* [CP] Embed Pods Frameworks */ = {
			isa = PBXShellScriptBuildPhase;
			buildActionMask = 2147483647;
			files = (
			);
			inputFileListPaths = (
				"${PODS_ROOT}/Target Support Files/Pods-SampleApp/Pods-SampleApp-frameworks-${CONFIGURATION}-input-files.xcfilelist",
			);
			name = "[CP] Embed Pods Frameworks";
			outputFileListPaths = (
				"${PODS_ROOT}/Target Support Files/Pods-SampleApp/Pods-SampleApp-frameworks-${CONFIGURATION}-output-files.xcfilelist",
			);
			runOnlyForDeploymentPostprocessing = 0;
			shellPath = /bin/sh;
			shellScript = "\"${PODS_ROOT}/Target Support Files/Pods-SampleApp/Pods-SampleApp-frameworks.sh\"\n";
			showEnvVarsInLog = 0;
		};
/* End PBXShellScriptBuildPhase section */

/* Begin PBXSourcesBuildPhase section */
		07086F8B25895077003EA5E1 /* Sources */ = {
			isa = PBXSourcesBuildPhase;
			buildActionMask = 2147483647;
			files = (
				07086F9725895077003EA5E1 /* ViewController.swift in Sources */,
				07086F9325895077003EA5E1 /* AppDelegate.swift in Sources */,
				07086F9525895077003EA5E1 /* SceneDelegate.swift in Sources */,
			);
			runOnlyForDeploymentPostprocessing = 0;
		};
/* End PBXSourcesBuildPhase section */

/* Begin PBXVariantGroup section */
		07086F9825895077003EA5E1 /* Main.storyboard */ = {
			isa = PBXVariantGroup;
			children = (
				07086F9925895077003EA5E1 /* Base */,
			);
			name = Main.storyboard;
			sourceTree = "<group>";
		};
		07086F9D2589507B003EA5E1 /* LaunchScreen.storyboard */ = {
			isa = PBXVariantGroup;
			children = (
				07086F9E2589507B003EA5E1 /* Base */,
			);
			name = LaunchScreen.storyboard;
			sourceTree = "<group>";
		};
/* End PBXVariantGroup section */

/* Begin XCBuildConfiguration section */
		07086FA12589507B003EA5E1 /* Debug */ = {
			isa = XCBuildConfiguration;
			buildSettings = {
				ALWAYS_SEARCH_USER_PATHS = NO;
				CLANG_ANALYZER_NONNULL = YES;
				CLANG_ANALYZER_NUMBER_OBJECT_CONVERSION = YES_AGGRESSIVE;
				CLANG_CXX_LANGUAGE_STANDARD = "gnu++14";
				CLANG_CXX_LIBRARY = "libc++";
				CLANG_ENABLE_MODULES = YES;
				CLANG_ENABLE_OBJC_ARC = YES;
				CLANG_ENABLE_OBJC_WEAK = YES;
				CLANG_WARN_BLOCK_CAPTURE_AUTORELEASING = YES;
				CLANG_WARN_BOOL_CONVERSION = YES;
				CLANG_WARN_COMMA = YES;
				CLANG_WARN_CONSTANT_CONVERSION = YES;
				CLANG_WARN_DEPRECATED_OBJC_IMPLEMENTATIONS = YES;
				CLANG_WARN_DIRECT_OBJC_ISA_USAGE = YES_ERROR;
				CLANG_WARN_DOCUMENTATION_COMMENTS = YES;
				CLANG_WARN_EMPTY_BODY = YES;
				CLANG_WARN_ENUM_CONVERSION = YES;
				CLANG_WARN_INFINITE_RECURSION = YES;
				CLANG_WARN_INT_CONVERSION = YES;
				CLANG_WARN_NON_LITERAL_NULL_CONVERSION = YES;
				CLANG_WARN_OBJC_IMPLICIT_RETAIN_SELF = YES;
				CLANG_WARN_OBJC_LITERAL_CONVERSION = YES;
				CLANG_WARN_OBJC_ROOT_CLASS = YES_ERROR;
				CLANG_WARN_RANGE_LOOP_ANALYSIS = YES;
				CLANG_WARN_STRICT_PROTOTYPES = YES;
				CLANG_WARN_SUSPICIOUS_MOVE = YES;
				CLANG_WARN_UNGUARDED_AVAILABILITY = YES_AGGRESSIVE;
				CLANG_WARN_UNREACHABLE_CODE = YES;
				CLANG_WARN__DUPLICATE_METHOD_MATCH = YES;
				COPY_PHASE_STRIP = NO;
				DEBUG_INFORMATION_FORMAT = dwarf;
				ENABLE_STRICT_OBJC_MSGSEND = YES;
				ENABLE_TESTABILITY = YES;
				GCC_C_LANGUAGE_STANDARD = gnu11;
				GCC_DYNAMIC_NO_PIC = NO;
				GCC_NO_COMMON_BLOCKS = YES;
				GCC_OPTIMIZATION_LEVEL = 0;
				GCC_PREPROCESSOR_DEFINITIONS = (
					"DEBUG=1",
					"$(inherited)",
				);
				GCC_WARN_64_TO_32_BIT_CONVERSION = YES;
				GCC_WARN_ABOUT_RETURN_TYPE = YES_ERROR;
				GCC_WARN_UNDECLARED_SELECTOR = YES;
				GCC_WARN_UNINITIALIZED_AUTOS = YES_AGGRESSIVE;
				GCC_WARN_UNUSED_FUNCTION = YES;
				GCC_WARN_UNUSED_VARIABLE = YES;
				IPHONEOS_DEPLOYMENT_TARGET = 13.2;
				MTL_ENABLE_DEBUG_INFO = INCLUDE_SOURCE;
				MTL_FAST_MATH = YES;
				ONLY_ACTIVE_ARCH = YES;
				SDKROOT = iphoneos;
				SWIFT_ACTIVE_COMPILATION_CONDITIONS = DEBUG;
				SWIFT_OPTIMIZATION_LEVEL = "-Onone";
			};
			name = Debug;
		};
		07086FA22589507B003EA5E1 /* Release */ = {
			isa = XCBuildConfiguration;
			buildSettings = {
				ALWAYS_SEARCH_USER_PATHS = NO;
				CLANG_ANALYZER_NONNULL = YES;
				CLANG_ANALYZER_NUMBER_OBJECT_CONVERSION = YES_AGGRESSIVE;
				CLANG_CXX_LANGUAGE_STANDARD = "gnu++14";
				CLANG_CXX_LIBRARY = "libc++";
				CLANG_ENABLE_MODULES = YES;
				CLANG_ENABLE_OBJC_ARC = YES;
				CLANG_ENABLE_OBJC_WEAK = YES;
				CLANG_WARN_BLOCK_CAPTURE_AUTORELEASING = YES;
				CLANG_WARN_BOOL_CONVERSION = YES;
				CLANG_WARN_COMMA = YES;
				CLANG_WARN_CONSTANT_CONVERSION = YES;
				CLANG_WARN_DEPRECATED_OBJC_IMPLEMENTATIONS = YES;
				CLANG_WARN_DIRECT_OBJC_ISA_USAGE = YES_ERROR;
				CLANG_WARN_DOCUMENTATION_COMMENTS = YES;
				CLANG_WARN_EMPTY_BODY = YES;
				CLANG_WARN_ENUM_CONVERSION = YES;
				CLANG_WARN_INFINITE_RECURSION = YES;
				CLANG_WARN_INT_CONVERSION = YES;
				CLANG_WARN_NON_LITERAL_NULL_CONVERSION = YES;
				CLANG_WARN_OBJC_IMPLICIT_RETAIN_SELF = YES;
				CLANG_WARN_OBJC_LITERAL_CONVERSION = YES;
				CLANG_WARN_OBJC_ROOT_CLASS = YES_ERROR;
				CLANG_WARN_RANGE_LOOP_ANALYSIS = YES;
				CLANG_WARN_STRICT_PROTOTYPES = YES;
				CLANG_WARN_SUSPICIOUS_MOVE = YES;
				CLANG_WARN_UNGUARDED_AVAILABILITY = YES_AGGRESSIVE;
				CLANG_WARN_UNREACHABLE_CODE = YES;
				CLANG_WARN__DUPLICATE_METHOD_MATCH = YES;
				COPY_PHASE_STRIP = NO;
				DEBUG_INFORMATION_FORMAT = "dwarf-with-dsym";
				ENABLE_NS_ASSERTIONS = NO;
				ENABLE_STRICT_OBJC_MSGSEND = YES;
				GCC_C_LANGUAGE_STANDARD = gnu11;
				GCC_NO_COMMON_BLOCKS = YES;
				GCC_WARN_64_TO_32_BIT_CONVERSION = YES;
				GCC_WARN_ABOUT_RETURN_TYPE = YES_ERROR;
				GCC_WARN_UNDECLARED_SELECTOR = YES;
				GCC_WARN_UNINITIALIZED_AUTOS = YES_AGGRESSIVE;
				GCC_WARN_UNUSED_FUNCTION = YES;
				GCC_WARN_UNUSED_VARIABLE = YES;
				IPHONEOS_DEPLOYMENT_TARGET = 13.2;
				MTL_ENABLE_DEBUG_INFO = NO;
				MTL_FAST_MATH = YES;
				SDKROOT = iphoneos;
				SWIFT_COMPILATION_MODE = wholemodule;
				SWIFT_OPTIMIZATION_LEVEL = "-O";
				VALIDATE_PRODUCT = YES;
			};
			name = Release;
		};
		07086FA42589507B003EA5E1 /* Debug */ = {
			isa = XCBuildConfiguration;
			baseConfigurationReference = BAB7B9AD5E47EB9576814580 /* Pods-SampleApp.debug.xcconfig */;
			buildSettings = {
				ASSETCATALOG_COMPILER_APPICON_NAME = AppIcon;
				CODE_SIGN_ENTITLEMENTS = SampleApp/SampleApp.entitlements;
				CODE_SIGN_STYLE = Automatic;
				DEVELOPMENT_TEAM = 24V9HW64Y3;
				ENABLE_BITCODE = NO;
				INFOPLIST_FILE = SampleApp/Info.plist;
				LD_RUNPATH_SEARCH_PATHS = (
					"$(inherited)",
					"@executable_path/Frameworks",
				);
				PRODUCT_BUNDLE_IDENTIFIER = ai.amani.AmaniDemo;
				PRODUCT_NAME = "$(TARGET_NAME)";
				SWIFT_VERSION = 5.0;
				TARGETED_DEVICE_FAMILY = "1,2";
			};
			name = Debug;
		};
		07086FA52589507B003EA5E1 /* Release */ = {
			isa = XCBuildConfiguration;
			baseConfigurationReference = 4177AC04B5091644F4356CDB /* Pods-SampleApp.release.xcconfig */;
			buildSettings = {
				ASSETCATALOG_COMPILER_APPICON_NAME = AppIcon;
				CODE_SIGN_ENTITLEMENTS = SampleApp/SampleApp.entitlements;
				CODE_SIGN_STYLE = Automatic;
				DEVELOPMENT_TEAM = 24V9HW64Y3;
				ENABLE_BITCODE = NO;
				INFOPLIST_FILE = SampleApp/Info.plist;
				LD_RUNPATH_SEARCH_PATHS = (
					"$(inherited)",
					"@executable_path/Frameworks",
				);
				PRODUCT_BUNDLE_IDENTIFIER = ai.amani.AmaniDemo;
				PRODUCT_NAME = "$(TARGET_NAME)";
				SWIFT_VERSION = 5.0;
				TARGETED_DEVICE_FAMILY = "1,2";
			};
			name = Release;
		};
/* End XCBuildConfiguration section */

/* Begin XCConfigurationList section */
		07086F8A25895077003EA5E1 /* Build configuration list for PBXProject "SampleApp" */ = {
			isa = XCConfigurationList;
			buildConfigurations = (
				07086FA12589507B003EA5E1 /* Debug */,
				07086FA22589507B003EA5E1 /* Release */,
			);
			defaultConfigurationIsVisible = 0;
			defaultConfigurationName = Release;
		};
		07086FA32589507B003EA5E1 /* Build configuration list for PBXNativeTarget "SampleApp" */ = {
			isa = XCConfigurationList;
			buildConfigurations = (
				07086FA42589507B003EA5E1 /* Debug */,
				07086FA52589507B003EA5E1 /* Release */,
			);
			defaultConfigurationIsVisible = 0;
			defaultConfigurationName = Release;
		};
/* End XCConfigurationList section */
	};
	rootObject = 07086F8725895077003EA5E1 /* Project object */;
}
